{
  "pins" : [
    {
      "identity" : "alamofire",
      "kind" : "remoteSourceControl",
      "location" : "https://github.com/Alamofire/Alamofire.git",
      "state" : {
        "revision" : "b2fa556e4e48cbf06cf8c63def138c98f4b811fa",
        "version" : "5.8.0"
      }
    },
    {
      "identity" : "combinecocoa",
      "kind" : "remoteSourceControl",
      "location" : "https://github.com/CombineCommunity/CombineCocoa",
      "state" : {
        "revision" : "7300c75ff9e072aa7fd0fccefcc88f74aae9bf56",
        "version" : "0.4.1"
      }
    },
    {
      "identity" : "ditranquillity",
      "kind" : "remoteSourceControl",
      "location" : "https://github.com/ivlevAstef/DITranquillity.git",
      "state" : {
        "branch" : "master",
        "revision" : "ddd7613702075152c15bd8345307834ad9f10786"
      }
    },
    {
      "identity" : "fittedsheets",
      "kind" : "remoteSourceControl",
      "location" : "https://github.com/gordontucker/FittedSheets",
      "state" : {
        "revision" : "5d7f5a6307ad510aa05de5a4a16ac40846d3b2d3",
        "version" : "2.6.1"
      }
    },
    {
      "identity" : "mintlogger",
      "kind" : "remoteSourceControl",
      "location" : "https://github.com/golovkinV/MintLogger",
      "state" : {
        "revision" : "7b28584f331105e629edc5a021ed92966f46532e",
        "version" : "1.1.3"
      }
    },
    {
      "identity" : "mintrouter",
      "kind" : "remoteSourceControl",
      "location" : "https://github.com/golovkinV/MintRouter",
      "state" : {
        "revision" : "a9a732d676c11167f814a015605c234a9a791bb0",
        "version" : "1.0.3"
      }
    },
    {
      "identity" : "pinlayout",
      "kind" : "remoteSourceControl",
      "location" : "https://github.com/layoutBox/PinLayout",
      "state" : {
        "revision" : "ce929a6ecdc6701adee9bdf9d949e0036f567ca7",
        "version" : "1.10.4"
      }
    },
    {
      "identity" : "pulse",
      "kind" : "remoteSourceControl",
      "location" : "https://github.com/kean/Pulse",
      "state" : {
        "revision" : "ba7a0e4668de7074470bd37a60b1f89325a416bb",
        "version" : "0.20.2"
      }
    },
    {
      "identity" : "snapkit",
      "kind" : "remoteSourceControl",
      "location" : "https://github.com/SnapKit/SnapKit.git",
      "state" : {
        "revision" : "f222cbdf325885926566172f6f5f06af95473158",
        "version" : "5.6.0"
      }
    },
    {
      "identity" : "swift-log",
      "kind" : "remoteSourceControl",
      "location" : "https://github.com/apple/swift-log",
      "state" : {
        "revision" : "532d8b529501fb73a2455b179e0bbb6d49b652ed",
        "version" : "1.5.3"
      }
    },
    {
      "identity" : "swiftlazy",
      "kind" : "remoteSourceControl",
      "location" : "https://github.com/ivlevAstef/SwiftLazy.git",
      "state" : {
        "revision" : "49a47304bb06643fa22d981b6b8301acc5bcb366",
        "version" : "1.2.0"
      }
    },
    {
      "identity" : "yandexmappackagewrapper",
      "kind" : "remoteSourceControl",
      "location" : "https://github.com/vladimirgoncharov/YandexMapPackageWrapper.git",
      "state" : {
        "branch" : "main",
        "revision" : "49f5b4eaaf4b94b309e31cffaa5c9611f9c783fe"
      }
    },
    {
      "identity" : "yandexmapsmobilelite",
      "kind" : "remoteSourceControl",
      "location" : "https://github.com/c-villain/YandexMapsMobileLite",
      "state" : {
        "revision" : "e416653ae48c94095fad4436d02ff5f0eebf3d8e",
        "version" : "4.4.0"
      }
    }
  ],
  "version" : 2
}
